PODS:
  - iDroidLayout (0.0.1):
    - iDroidLayout/no-arc (= 0.0.1)
    - TBXML (~> 1.5)
  - iDroidLayout/no-arc (0.0.1):
    - TBXML (~> 1.5)
  - TBXML (1.5)

DEPENDENCIES:
  - iDroidLayout (from `iDroidLayout.podspec`)
  - TBXML (~> 1.5)

EXTERNAL SOURCES:
  iDroidLayout:
    :path: iDroidLayout.podspec

SPEC CHECKSUMS:
  iDroidLayout: 9f33861455365f284605991729ac8b1eba6b904f
  TBXML: a279440030ba55c40e1455cafba3b0a44e1963d4

COCOAPODS: 0.35.0
